uuid: 7fde3b96-9ce6-4fcc-bf2e-a2e53a41f2d4
langcode: en
status: true
dependencies:
  config:
    - field.storage.paragraph.field_bsos_drupal_block
    - paragraphs.paragraphs_type.bsos_drupal_block
_core:
  default_config_hash: lOH7oRxKzqVAsv0MRPGns1wc2_yLIqGknBCg2VQ2TpM
id: paragraph.bsos_drupal_block.field_bsos_drupal_block
field_name: field_bsos_drupal_block
entity_type: paragraph
bundle: bsos_drupal_block
label: 'Drupal Block'
description: ''
required: false
translatable: false
default_value: {  }
default_value_callback: ''
settings:
  handler: 'default:block'
  handler_settings:
    target_bundles: null
    auto_create: false
field_type: entity_reference
