langcode: en
status: true
dependencies:
  config:
    - block_content.type.basic
    - field.storage.paragraph.field_bsos_block
    - paragraphs.paragraphs_type.bsos_block
  module:
    - entity_reference_revisions
id: paragraph.bsos_block.field_bsos_block
field_name: field_bsos_block
entity_type: paragraph
bundle: bsos_block
label: 'Custom Block'
description: ''
required: false
translatable: false
default_value: {  }
default_value_callback: ''
settings:
  handler: 'default:block_content'
  handler_settings:
    target_bundles:
      basic: basic
    sort:
      field: _none
    auto_create: true
    auto_create_bundle: ''
field_type: entity_reference_revisions
